Microsoft Visual Studio Solution File, Format Version 12.00
# Visual Studio Version 16
VisualStudioVersion = 16.0.30114.105
MinimumVisualStudioVersion = 10.0.40219.1
Project("{2150E333-8FDC-42A3-9474-1A3956D46DE8}") = "Tests", "Tests", "{73C1D697-FB88-4209-A706-5A4B6628A7E7}"
EndProject
Project("{2150E333-8FDC-42A3-9474-1A3956D46DE8}") = "Tools", "Tools", "{14C56BF9-2170-41B7-96CB-90E75A61932A}"
EndProject
Project("{2150E333-8FDC-42A3-9474-1A3956D46DE8}") = "Tools", "Tools", "{94C78EE2-45E7-4F5D-A7F8-0A36A02EF860}"
EndProject
Project("{FAE04EC0-301F-11D3-BF4B-00C04F79EFBC}") = "DotNet.CommandExecutor.Tests", "tests\DotNet.CommandExecutor.Tests\DotNet.CommandExecutor.Tests.csproj", "{797B5632-9CB4-49CB-9882-974E93E87967}"
EndProject
Project("{FAE04EC0-301F-11D3-BF4B-00C04F79EFBC}") = "DotNetWhy.Domain.Tests", "tests\DotNetWhy.Domain.Tests\DotNetWhy.Domain.Tests.csproj", "{7F9F9396-1BC1-4738-B89E-F18B032DD134}"
EndProject
Project("{FAE04EC0-301F-11D3-BF4B-00C04F79EFBC}") = "DotNet.CommandExecutor", "src\DotNet.CommandExecutor\DotNet.CommandExecutor.csproj", "{F2A3C3AE-9E29-4F6E-853E-633AC624F620}"
EndProject
Project("{FAE04EC0-301F-11D3-BF4B-00C04F79EFBC}") = "DotNetWhy", "src\DotNetWhy\DotNetWhy.csproj", "{D5FF2D49-DDDB-468E-A48A-781C3441F23A}"
EndProject
Project("{FAE04EC0-301F-11D3-BF4B-00C04F79EFBC}") = "DotNetWhy.Core", "src\DotNetWhy.Core\DotNetWhy.Core.csproj", "{DE30FEC9-3BC3-420C-BBA4-5C3DDBBB5272}"
EndProject
Project("{FAE04EC0-301F-11D3-BF4B-00C04F79EFBC}") = "DotNetWhy.Domain", "src\DotNetWhy.Domain\DotNetWhy.Domain.csproj", "{013347CE-F74D-4051-9C26-16DBB90FF429}"
EndProject
Project("{FAE04EC0-301F-11D3-BF4B-00C04F79EFBC}") = "DotNetWhy.Loggers", "src\DotNetWhy.Loggers\DotNetWhy.Loggers.csproj", "{71B1839A-636D-46A7-9621-BAE724A6FCC3}"
EndProject
Project("{FAE04EC0-301F-11D3-BF4B-00C04F79EFBC}") = "DotNetWhy.Services", "src\DotNetWhy.Services\DotNetWhy.Services.csproj", "{7A7E01DD-8077-4398-A826-770534AE3954}"
EndProject
Project("{FAE04EC0-301F-11D3-BF4B-00C04F79EFBC}") = "DotNetWhy.Validators", "src\DotNetWhy.Validators\DotNetWhy.Validators.csproj", "{FB2B5061-C332-47CC-80AD-4B379123ADFC}"
EndProject
Global
	GlobalSection(SolutionConfigurationPlatforms) = preSolution
		Debug|Any CPU = Debug|Any CPU
		Release|Any CPU = Release|Any CPU
	EndGlobalSection
	GlobalSection(ProjectConfigurationPlatforms) = postSolution
		{797B5632-9CB4-49CB-9882-974E93E87967}.Debug|Any CPU.ActiveCfg = Debug|Any CPU
		{797B5632-9CB4-49CB-9882-974E93E87967}.Debug|Any CPU.Build.0 = Debug|Any CPU
		{797B5632-9CB4-49CB-9882-974E93E87967}.Release|Any CPU.ActiveCfg = Release|Any CPU
		{797B5632-9CB4-49CB-9882-974E93E87967}.Release|Any CPU.Build.0 = Release|Any CPU
		{7F9F9396-1BC1-4738-B89E-F18B032DD134}.Debug|Any CPU.ActiveCfg = Debug|Any CPU
		{7F9F9396-1BC1-4738-B89E-F18B032DD134}.Debug|Any CPU.Build.0 = Debug|Any CPU
		{7F9F9396-1BC1-4738-B89E-F18B032DD134}.Release|Any CPU.ActiveCfg = Release|Any CPU
		{7F9F9396-1BC1-4738-B89E-F18B032DD134}.Release|Any CPU.Build.0 = Release|Any CPU
		{F2A3C3AE-9E29-4F6E-853E-633AC624F620}.Debug|Any CPU.ActiveCfg = Debug|Any CPU
		{F2A3C3AE-9E29-4F6E-853E-633AC624F620}.Debug|Any CPU.Build.0 = Debug|Any CPU
		{F2A3C3AE-9E29-4F6E-853E-633AC624F620}.Release|Any CPU.ActiveCfg = Release|Any CPU
		{F2A3C3AE-9E29-4F6E-853E-633AC624F620}.Release|Any CPU.Build.0 = Release|Any CPU
		{D5FF2D49-DDDB-468E-A48A-781C3441F23A}.Debug|Any CPU.ActiveCfg = Debug|Any CPU
		{D5FF2D49-DDDB-468E-A48A-781C3441F23A}.Debug|Any CPU.Build.0 = Debug|Any CPU
		{D5FF2D49-DDDB-468E-A48A-781C3441F23A}.Release|Any CPU.ActiveCfg = Release|Any CPU
		{D5FF2D49-DDDB-468E-A48A-781C3441F23A}.Release|Any CPU.Build.0 = Release|Any CPU
		{DE30FEC9-3BC3-420C-BBA4-5C3DDBBB5272}.Debug|Any CPU.ActiveCfg = Debug|Any CPU
		{DE30FEC9-3BC3-420C-BBA4-5C3DDBBB5272}.Debug|Any CPU.Build.0 = Debug|Any CPU
		{DE30FEC9-3BC3-420C-BBA4-5C3DDBBB5272}.Release|Any CPU.ActiveCfg = Release|Any CPU
		{DE30FEC9-3BC3-420C-BBA4-5C3DDBBB5272}.Release|Any CPU.Build.0 = Release|Any CPU
		{013347CE-F74D-4051-9C26-16DBB90FF429}.Debug|Any CPU.ActiveCfg = Debug|Any CPU
		{013347CE-F74D-4051-9C26-16DBB90FF429}.Debug|Any CPU.Build.0 = Debug|Any CPU
		{013347CE-F74D-4051-9C26-16DBB90FF429}.Release|Any CPU.ActiveCfg = Release|Any CPU
		{013347CE-F74D-4051-9C26-16DBB90FF429}.Release|Any CPU.Build.0 = Release|Any CPU
		{71B1839A-636D-46A7-9621-BAE724A6FCC3}.Debug|Any CPU.ActiveCfg = Debug|Any CPU
		{71B1839A-636D-46A7-9621-BAE724A6FCC3}.Debug|Any CPU.Build.0 = Debug|Any CPU
		{71B1839A-636D-46A7-9621-BAE724A6FCC3}.Release|Any CPU.ActiveCfg = Release|Any CPU
		{71B1839A-636D-46A7-9621-BAE724A6FCC3}.Release|Any CPU.Build.0 = Release|Any CPU
		{7A7E01DD-8077-4398-A826-770534AE3954}.Debug|Any CPU.ActiveCfg = Debug|Any CPU
		{7A7E01DD-8077-4398-A826-770534AE3954}.Debug|Any CPU.Build.0 = Debug|Any CPU
		{7A7E01DD-8077-4398-A826-770534AE3954}.Release|Any CPU.ActiveCfg = Release|Any CPU
		{7A7E01DD-8077-4398-A826-770534AE3954}.Release|Any CPU.Build.0 = Release|Any CPU
		{FB2B5061-C332-47CC-80AD-4B379123ADFC}.Debug|Any CPU.ActiveCfg = Debug|Any CPU
		{FB2B5061-C332-47CC-80AD-4B379123ADFC}.Debug|Any CPU.Build.0 = Debug|Any CPU
		{FB2B5061-C332-47CC-80AD-4B379123ADFC}.Release|Any CPU.ActiveCfg = Release|Any CPU
		{FB2B5061-C332-47CC-80AD-4B379123ADFC}.Release|Any CPU.Build.0 = Release|Any CPU
	EndGlobalSection
	GlobalSection(NestedProjects) = preSolution
		{14C56BF9-2170-41B7-96CB-90E75A61932A} = {73C1D697-FB88-4209-A706-5A4B6628A7E7}
		{797B5632-9CB4-49CB-9882-974E93E87967} = {14C56BF9-2170-41B7-96CB-90E75A61932A}
		{7F9F9396-1BC1-4738-B89E-F18B032DD134} = {73C1D697-FB88-4209-A706-5A4B6628A7E7}
		{F2A3C3AE-9E29-4F6E-853E-633AC624F620} = {94C78EE2-45E7-4F5D-A7F8-0A36A02EF860}
	EndGlobalSection
EndGlobal